
Microsoft Visual Studio Solution File, Format Version 12.00
# Visual Studio Version 16
VisualStudioVersion = 16.0.31402.337
MinimumVisualStudioVersion = 10.0.40219.1
Project("{FAE04EC0-301F-11D3-BF4B-00C04F79EFBC}") = "Lesson3_1", "Lesson3_1\Lesson3_1.csproj", "{B4FA2B10-4007-47D2-88FB-2CC86B6CC4DD}"
EndProject
Global
	GlobalSection(SolutionConfigurationPlatforms) = preSolution
		Debug|Any CPU = Debug|Any CPU
		Release|Any CPU = Release|Any CPU
	EndGlobalSection
	GlobalSection(ProjectConfigurationPlatforms) = postSolution
		{B4FA2B10-4007-47D2-88FB-2CC86B6CC4DD}.Debug|Any CPU.ActiveCfg = Debug|Any CPU
		{B4FA2B10-4007-47D2-88FB-2CC86B6CC4DD}.Debug|Any CPU.Build.0 = Debug|Any CPU
		{B4FA2B10-4007-47D2-88FB-2CC86B6CC4DD}.Release|Any CPU.ActiveCfg = Release|Any CPU
		{B4FA2B10-4007-47D2-88FB-2CC86B6CC4DD}.Release|Any CPU.Build.0 = Release|Any CPU
	EndGlobalSection
	GlobalSection(SolutionProperties) = preSolution
		HideSolutionNode = FALSE
	EndGlobalSection
	GlobalSection(ExtensibilityGlobals) = postSolution
		SolutionGuid = {FA23A628-1EF2-4356-8391-39838BC30A33}
	EndGlobalSection
EndGlobal
